{
  "requires": true,
  "lockfileVersion": 1,
  "dependencies": {
    "jquery": {
      "version": "3.3.1",
      "resolved": "https://registry.npmjs.org/jquery/-/jquery-3.3.1.tgz",
      "integrity": "sha512-Ubldcmxp5np52/ENotGxlLe6aGMvmF4R8S6tZjsP6Knsaxd/xp3Zrh50cG93lR6nPXyUFwzN3ZSOQI0wRJNdGg=="
    },
    "jquery-clock-timepicker": {
      "version": "2.2.5",
      "resolved": "https://registry.npmjs.org/jquery-clock-timepicker/-/jquery-clock-timepicker-2.2.5.tgz",
      "integrity": "sha512-ndv/F9TaB/9wLIGkNL1Jz8eBrYF9yiU7VxIOHLtWiouEsYPZHdUCXC9hjh0JevTOG10p9m1BDblel+ui3r7LGQ==",
      "requires": {
        "jquery": "3.3.1"
      }
    }
  }
}
